
Microsoft Visual Studio Solution File, Format Version 12.00
# Visual Studio 15
VisualStudioVersion = 15.0.27004.2010
MinimumVisualStudioVersion = 10.0.40219.1
Project("{9A19103F-16F7-4668-BE54-9A1E7A4F7556}") = "CurrencyConverterService", "CurrencyConverterApp\CurrencyConverterService.csproj", "{BF34C575-792A-4A36-AEFB-EF44CE12893C}"
EndProject
Project("{9A19103F-16F7-4668-BE54-9A1E7A4F7556}") = "Converter.Core", "Converter.Core\Converter.Core.csproj", "{9D97123E-5F44-446D-BFA1-FB2BDE53A1F5}"
EndProject
Project("{2150E333-8FDC-42A3-9474-1A3956D46DE8}") = "Tests", "Tests", "{DAF3F398-B666-480D-975A-E8CD66521D20}"
EndProject
Project("{FAE04EC0-301F-11D3-BF4B-00C04F79EFBC}") = "Converter.Core.Tests", "Converter.Core.Tests\Converter.Core.Tests.csproj", "{20CB531D-FB39-4515-AB90-A96D24ED9B7E}"
EndProject
Global
	GlobalSection(SolutionConfigurationPlatforms) = preSolution
		Debug|Any CPU = Debug|Any CPU
		Release|Any CPU = Release|Any CPU
	EndGlobalSection
	GlobalSection(ProjectConfigurationPlatforms) = postSolution
		{BF34C575-792A-4A36-AEFB-EF44CE12893C}.Debug|Any CPU.ActiveCfg = Debug|Any CPU
		{BF34C575-792A-4A36-AEFB-EF44CE12893C}.Debug|Any CPU.Build.0 = Debug|Any CPU
		{BF34C575-792A-4A36-AEFB-EF44CE12893C}.Release|Any CPU.ActiveCfg = Release|Any CPU
		{BF34C575-792A-4A36-AEFB-EF44CE12893C}.Release|Any CPU.Build.0 = Release|Any CPU
		{9D97123E-5F44-446D-BFA1-FB2BDE53A1F5}.Debug|Any CPU.ActiveCfg = Debug|Any CPU
		{9D97123E-5F44-446D-BFA1-FB2BDE53A1F5}.Debug|Any CPU.Build.0 = Debug|Any CPU
		{9D97123E-5F44-446D-BFA1-FB2BDE53A1F5}.Release|Any CPU.ActiveCfg = Release|Any CPU
		{9D97123E-5F44-446D-BFA1-FB2BDE53A1F5}.Release|Any CPU.Build.0 = Release|Any CPU
		{20CB531D-FB39-4515-AB90-A96D24ED9B7E}.Debug|Any CPU.ActiveCfg = Debug|Any CPU
		{20CB531D-FB39-4515-AB90-A96D24ED9B7E}.Debug|Any CPU.Build.0 = Debug|Any CPU
		{20CB531D-FB39-4515-AB90-A96D24ED9B7E}.Release|Any CPU.ActiveCfg = Release|Any CPU
		{20CB531D-FB39-4515-AB90-A96D24ED9B7E}.Release|Any CPU.Build.0 = Release|Any CPU
	EndGlobalSection
	GlobalSection(SolutionProperties) = preSolution
		HideSolutionNode = FALSE
	EndGlobalSection
	GlobalSection(NestedProjects) = preSolution
		{20CB531D-FB39-4515-AB90-A96D24ED9B7E} = {DAF3F398-B666-480D-975A-E8CD66521D20}
	EndGlobalSection
	GlobalSection(ExtensibilityGlobals) = postSolution
		SolutionGuid = {05C4001F-F684-468D-8FD6-5F1CCBA381ED}
	EndGlobalSection
EndGlobal
